// !$*UTF8*$!
{
	archiveVersion = 1;
	classes = {
	};
	objectVersion = 46;
	objects = {

/* Begin PBXBuildFile section */
		1E7546351B4BBCC200A8BC1C /* main.m in Sources */ = {isa = PBXBuildFile; fileRef = 1E7546341B4BBCC200A8BC1C /* main.m */; };
		1E7546381B4BBCC200A8BC1C /* AppDelegate.m in Sources */ = {isa = PBXBuildFile; fileRef = 1E7546371B4BBCC200A8BC1C /* AppDelegate.m */; };
		1E75463B1B4BBCC200A8BC1C /* BookStore.xcdatamodeld in Sources */ = {isa = PBXBuildFile; fileRef = 1E7546391B4BBCC200A8BC1C /* BookStore.xcdatamodeld */; };
		1E75463E1B4BBCC200A8BC1C /* ViewController.m in Sources */ = {isa = PBXBuildFile; fileRef = 1E75463D1B4BBCC200A8BC1C /* ViewController.m */; };
		1E7546411B4BBCC200A8BC1C /* Main.storyboard in Resources */ = {isa = PBXBuildFile; fileRef = 1E75463F1B4BBCC200A8BC1C /* Main.storyboard */; };
		1E7546431B4BBCC200A8BC1C /* Images.xcassets in Resources */ = {isa = PBXBuildFile; fileRef = 1E7546421B4BBCC200A8BC1C /* Images.xcassets */; };
		1E7546461B4BBCC200A8BC1C /* LaunchScreen.xib in Resources */ = {isa = PBXBuildFile; fileRef = 1E7546441B4BBCC200A8BC1C /* LaunchScreen.xib */; };
		1E7546521B4BBCC200A8BC1C /* BookStoreTests.m in Sources */ = {isa = PBXBuildFile; fileRef = 1E7546511B4BBCC200A8BC1C /* BookStoreTests.m */; };
		1E75466E1B4BC28B00A8BC1C /* Book.m in Sources */ = {isa = PBXBuildFile; fileRef = 1E7546691B4BC28B00A8BC1C /* Book.m */; };
		1E75466F1B4BC28B00A8BC1C /* BookCategory.m in Sources */ = {isa = PBXBuildFile; fileRef = 1E75466B1B4BC28B00A8BC1C /* BookCategory.m */; };
		1E7546701B4BC28B00A8BC1C /* Page.m in Sources */ = {isa = PBXBuildFile; fileRef = 1E75466D1B4BC28B00A8BC1C /* Page.m */; };
/* End PBXBuildFile section */

/* Begin PBXContainerItemProxy section */
		1E75464C1B4BBCC200A8BC1C /* PBXContainerItemProxy */ = {
			isa = PBXContainerItemProxy;
			containerPortal = 1E7546271B4BBCC200A8BC1C /* Project object */;
			proxyType = 1;
			remoteGlobalIDString = 1E75462E1B4BBCC200A8BC1C;
			remoteInfo = BookStore;
		};
/* End PBXContainerItemProxy section */

/* Begin PBXFileReference section */
		1E75462F1B4BBCC200A8BC1C /* BookStore.app */ = {isa = PBXFileReference; explicitFileType = wrapper.application; includeInIndex = 0; path = BookStore.app; sourceTree = BUILT_PRODUCTS_DIR; };
		1E7546331B4BBCC200A8BC1C /* Info.plist */ = {isa = PBXFileReference; lastKnownFileType = text.plist.xml; path = Info.plist; sourceTree = "<group>"; };
		1E7546341B4BBCC200A8BC1C /* main.m */ = {isa = PBXFileReference; lastKnownFileType = sourcecode.c.objc; path = main.m; sourceTree = "<group>"; };
		1E7546361B4BBCC200A8BC1C /* AppDelegate.h */ = {isa = PBXFileReference; lastKnownFileType = sourcecode.c.h; path = AppDelegate.h; sourceTree = "<group>"; };
		1E7546371B4BBCC200A8BC1C /* AppDelegate.m */ = {isa = PBXFileReference; lastKnownFileType = sourcecode.c.objc; path = AppDelegate.m; sourceTree = "<group>"; };
		1E75463A1B4BBCC200A8BC1C /* BookStore.xcdatamodel */ = {isa = PBXFileReference; lastKnownFileType = wrapper.xcdatamodel; path = BookStore.xcdatamodel; sourceTree = "<group>"; };
		1E75463C1B4BBCC200A8BC1C /* ViewController.h */ = {isa = PBXFileReference; lastKnownFileType = sourcecode.c.h; path = ViewController.h; sourceTree = "<group>"; };
		1E75463D1B4BBCC200A8BC1C /* ViewController.m */ = {isa = PBXFileReference; lastKnownFileType = sourcecode.c.objc; path = ViewController.m; sourceTree = "<group>"; };
		1E7546401B4BBCC200A8BC1C /* Base */ = {isa = PBXFileReference; lastKnownFileType = file.storyboard; name = Base; path = Base.lproj/Main.storyboard; sourceTree = "<group>"; };
		1E7546421B4BBCC200A8BC1C /* Images.xcassets */ = {isa = PBXFileReference; lastKnownFileType = folder.assetcatalog; path = Images.xcassets; sourceTree = "<group>"; };
		1E7546451B4BBCC200A8BC1C /* Base */ = {isa = PBXFileReference; lastKnownFileType = file.xib; name = Base; path = Base.lproj/LaunchScreen.xib; sourceTree = "<group>"; };
		1E75464B1B4BBCC200A8BC1C /* BookStoreTests.xctest */ = {isa = PBXFileReference; explicitFileType = wrapper.cfbundle; includeInIndex = 0; path = BookStoreTests.xctest; sourceTree = BUILT_PRODUCTS_DIR; };
		1E7546501B4BBCC200A8BC1C /* Info.plist */ = {isa = PBXFileReference; lastKnownFileType = text.plist.xml; path = Info.plist; sourceTree = "<group>"; };
		1E7546511B4BBCC200A8BC1C /* BookStoreTests.m */ = {isa = PBXFileReference; lastKnownFileType = sourcecode.c.objc; path = BookStoreTests.m; sourceTree = "<group>"; };
		1E7546681B4BC28B00A8BC1C /* Book.h */ = {isa = PBXFileReference; fileEncoding = 4; lastKnownFileType = sourcecode.c.h; path = Book.h; sourceTree = "<group>"; };
		1E7546691B4BC28B00A8BC1C /* Book.m */ = {isa = PBXFileReference; fileEncoding = 4; lastKnownFileType = sourcecode.c.objc; path = Book.m; sourceTree = "<group>"; };
		1E75466A1B4BC28B00A8BC1C /* BookCategory.h */ = {isa = PBXFileReference; fileEncoding = 4; lastKnownFileType = sourcecode.c.h; path = BookCategory.h; sourceTree = "<group>"; };
		1E75466B1B4BC28B00A8BC1C /* BookCategory.m */ = {isa = PBXFileReference; fileEncoding = 4; lastKnownFileType = sourcecode.c.objc; path = BookCategory.m; sourceTree = "<group>"; };
		1E75466C1B4BC28B00A8BC1C /* Page.h */ = {isa = PBXFileReference; fileEncoding = 4; lastKnownFileType = sourcecode.c.h; path = Page.h; sourceTree = "<group>"; };
		1E75466D1B4BC28B00A8BC1C /* Page.m */ = {isa = PBXFileReference; fileEncoding = 4; lastKnownFileType = sourcecode.c.objc; path = Page.m; sourceTree = "<group>"; };
/* End PBXFileReference section */

/* Begin PBXFrameworksBuildPhase section */
		1E75462C1B4BBCC200A8BC1C /* Frameworks */ = {
			isa = PBXFrameworksBuildPhase;
			buildActionMask = 2147483647;
			files = (
			);
			runOnlyForDeploymentPostprocessing = 0;
		};
		1E7546481B4BBCC200A8BC1C /* Frameworks */ = {
			isa = PBXFrameworksBuildPhase;
			buildActionMask = 2147483647;
			files = (
			);
			runOnlyForDeploymentPostprocessing = 0;
		};
/* End PBXFrameworksBuildPhase section */

/* Begin PBXGroup section */
		1E7546261B4BBCC200A8BC1C = {
			isa = PBXGroup;
			children = (
				1E7546311B4BBCC200A8BC1C /* BookStore */,
				1E75464E1B4BBCC200A8BC1C /* BookStoreTests */,
				1E7546301B4BBCC200A8BC1C /* Products */,
			);
			sourceTree = "<group>";
		};
		1E7546301B4BBCC200A8BC1C /* Products */ = {
			isa = PBXGroup;
			children = (
				1E75462F1B4BBCC200A8BC1C /* BookStore.app */,
				1E75464B1B4BBCC200A8BC1C /* BookStoreTests.xctest */,
			);
			name = Products;
			sourceTree = "<group>";
		};
		1E7546311B4BBCC200A8BC1C /* BookStore */ = {
			isa = PBXGroup;
			children = (
				1E7546681B4BC28B00A8BC1C /* Book.h */,
				1E7546691B4BC28B00A8BC1C /* Book.m */,
				1E75466A1B4BC28B00A8BC1C /* BookCategory.h */,
				1E75466B1B4BC28B00A8BC1C /* BookCategory.m */,
				1E75466C1B4BC28B00A8BC1C /* Page.h */,
				1E75466D1B4BC28B00A8BC1C /* Page.m */,
				1E7546361B4BBCC200A8BC1C /* AppDelegate.h */,
				1E7546371B4BBCC200A8BC1C /* AppDelegate.m */,
				1E75463C1B4BBCC200A8BC1C /* ViewController.h */,
				1E75463D1B4BBCC200A8BC1C /* ViewController.m */,
				1E75463F1B4BBCC200A8BC1C /* Main.storyboard */,
				1E7546421B4BBCC200A8BC1C /* Images.xcassets */,
				1E7546441B4BBCC200A8BC1C /* LaunchScreen.xib */,
				1E7546391B4BBCC200A8BC1C /* BookStore.xcdatamodeld */,
				1E7546321B4BBCC200A8BC1C /* Supporting Files */,
			);
			path = BookStore;
			sourceTree = "<group>";
		};
		1E7546321B4BBCC200A8BC1C /* Supporting Files */ = {
			isa = PBXGroup;
			children = (
				1E7546331B4BBCC200A8BC1C /* Info.plist */,
				1E7546341B4BBCC200A8BC1C /* main.m */,
			);
			name = "Supporting Files";
			sourceTree = "<group>";
		};
		1E75464E1B4BBCC200A8BC1C /* BookStoreTests */ = {
			isa = PBXGroup;
			children = (
				1E7546511B4BBCC200A8BC1C /* BookStoreTests.m */,
				1E75464F1B4BBCC200A8BC1C /* Supporting Files */,
			);
			path = BookStoreTests;
			sourceTree = "<group>";
		};
		1E75464F1B4BBCC200A8BC1C /* Supporting Files */ = {
			isa = PBXGroup;
			children = (
				1E7546501B4BBCC200A8BC1C /* Info.plist */,
			);
			name = "Supporting Files";
			sourceTree = "<group>";
		};
/* End PBXGroup section */

/* Begin PBXNativeTarget section */
		1E75462E1B4BBCC200A8BC1C /* BookStore */ = {
			isa = PBXNativeTarget;
			buildConfigurationList = 1E7546551B4BBCC200A8BC1C /* Build configuration list for PBXNativeTarget "BookStore" */;
			buildPhases = (
				1E75462B1B4BBCC200A8BC1C /* Sources */,
				1E75462C1B4BBCC200A8BC1C /* Frameworks */,
				1E75462D1B4BBCC200A8BC1C /* Resources */,
			);
			buildRules = (
			);
			dependencies = (
			);
			name = BookStore;
			productName = BookStore;
			productReference = 1E75462F1B4BBCC200A8BC1C /* BookStore.app */;
			productType = "com.apple.product-type.application";
		};
		1E75464A1B4BBCC200A8BC1C /* BookStoreTests */ = {
			isa = PBXNativeTarget;
			buildConfigurationList = 1E7546581B4BBCC200A8BC1C /* Build configuration list for PBXNativeTarget "BookStoreTests" */;
			buildPhases = (
				1E7546471B4BBCC200A8BC1C /* Sources */,
				1E7546481B4BBCC200A8BC1C /* Frameworks */,
				1E7546491B4BBCC200A8BC1C /* Resources */,
			);
			buildRules = (
			);
			dependencies = (
				1E75464D1B4BBCC200A8BC1C /* PBXTargetDependency */,
			);
			name = BookStoreTests;
			productName = BookStoreTests;
			productReference = 1E75464B1B4BBCC200A8BC1C /* BookStoreTests.xctest */;
			productType = "com.apple.product-type.bundle.unit-test";
		};
/* End PBXNativeTarget section */

/* Begin PBXProject section */
		1E7546271B4BBCC200A8BC1C /* Project object */ = {
			isa = PBXProject;
			attributes = {
				LastUpgradeCheck = 0630;
				ORGANIZATIONNAME = "-";
				TargetAttributes = {
					1E75462E1B4BBCC200A8BC1C = {
						CreatedOnToolsVersion = 6.3.2;
					};
					1E75464A1B4BBCC200A8BC1C = {
						CreatedOnToolsVersion = 6.3.2;
						TestTargetID = 1E75462E1B4BBCC200A8BC1C;
					};
				};
			};
			buildConfigurationList = 1E75462A1B4BBCC200A8BC1C /* Build configuration list for PBXProject "BookStore" */;
			compatibilityVersion = "Xcode 3.2";
			developmentRegion = English;
			hasScannedForEncodings = 0;
			knownRegions = (
				en,
				Base,
			);
			mainGroup = 1E7546261B4BBCC200A8BC1C;
			productRefGroup = 1E7546301B4BBCC200A8BC1C /* Products */;
			projectDirPath = "";
			projectRoot = "";
			targets = (
				1E75462E1B4BBCC200A8BC1C /* BookStore */,
				1E75464A1B4BBCC200A8BC1C /* BookStoreTests */,
			);
		};
/* End PBXProject section */

/* Begin PBXResourcesBuildPhase section */
		1E75462D1B4BBCC200A8BC1C /* Resources */ = {
			isa = PBXResourcesBuildPhase;
			buildActionMask = 2147483647;
			files = (
				1E7546411B4BBCC200A8BC1C /* Main.storyboard in Resources */,
				1E7546461B4BBCC200A8BC1C /* LaunchScreen.xib in Resources */,
				1E7546431B4BBCC200A8BC1C /* Images.xcassets in Resources */,
			);
			runOnlyForDeploymentPostprocessing = 0;
		};
		1E7546491B4BBCC200A8BC1C /* Resources */ = {
			isa = PBXResourcesBuildPhase;
			buildActionMask = 2147483647;
			files = (
			);
			runOnlyForDeploymentPostprocessing = 0;
		};
/* End PBXResourcesBuildPhase section */

/* Begin PBXSourcesBuildPhase section */
		1E75462B1B4BBCC200A8BC1C /* Sources */ = {
			isa = PBXSourcesBuildPhase;
			buildActionMask = 2147483647;
			files = (
				1E75466E1B4BC28B00A8BC1C /* Book.m in Sources */,
				1E7546701B4BC28B00A8BC1C /* Page.m in Sources */,
				1E7546381B4BBCC200A8BC1C /* AppDelegate.m in Sources */,
				1E7546351B4BBCC200A8BC1C /* main.m in Sources */,
				1E75463E1B4BBCC200A8BC1C /* ViewController.m in Sources */,
				1E75466F1B4BC28B00A8BC1C /* BookCategory.m in Sources */,
				1E75463B1B4BBCC200A8BC1C /* BookStore.xcdatamodeld in Sources */,
			);
			runOnlyForDeploymentPostprocessing = 0;
		};
		1E7546471B4BBCC200A8BC1C /* Sources */ = {
			isa = PBXSourcesBuildPhase;
			buildActionMask = 2147483647;
			files = (
				1E7546521B4BBCC200A8BC1C /* BookStoreTests.m in Sources */,
			);
			runOnlyForDeploymentPostprocessing = 0;
		};
/* End PBXSourcesBuildPhase section */

/* Begin PBXTargetDependency section */
		1E75464D1B4BBCC200A8BC1C /* PBXTargetDependency */ = {
			isa = PBXTargetDependency;
			target = 1E75462E1B4BBCC200A8BC1C /* BookStore */;
			targetProxy = 1E75464C1B4BBCC200A8BC1C /* PBXContainerItemProxy */;
		};
/* End PBXTargetDependency section */

/* Begin PBXVariantGroup section */
		1E75463F1B4BBCC200A8BC1C /* Main.storyboard */ = {
			isa = PBXVariantGroup;
			children = (
				1E7546401B4BBCC200A8BC1C /* Base */,
			);
			name = Main.storyboard;
			sourceTree = "<group>";
		};
		1E7546441B4BBCC200A8BC1C /* LaunchScreen.xib */ = {
			isa = PBXVariantGroup;
			children = (
				1E7546451B4BBCC200A8BC1C /* Base */,
			);
			name = LaunchScreen.xib;
			sourceTree = "<group>";
		};
/* End PBXVariantGroup section */

/* Begin XCBuildConfiguration section */
		1E7546531B4BBCC200A8BC1C /* Debug */ = {
			isa = XCBuildConfiguration;
			buildSettings = {
				ALWAYS_SEARCH_USER_PATHS = NO;
				CLANG_CXX_LANGUAGE_STANDARD = "gnu++0x";
				CLANG_CXX_LIBRARY = "libc++";
				CLANG_ENABLE_MODULES = YES;
				CLANG_ENABLE_OBJC_ARC = YES;
				CLANG_WARN_BOOL_CONVERSION = YES;
				CLANG_WARN_CONSTANT_CONVERSION = YES;
				CLANG_WARN_DIRECT_OBJC_ISA_USAGE = YES_ERROR;
				CLANG_WARN_EMPTY_BODY = YES;
				CLANG_WARN_ENUM_CONVERSION = YES;
				CLANG_WARN_INT_CONVERSION = YES;
				CLANG_WARN_OBJC_ROOT_CLASS = YES_ERROR;
				CLANG_WARN_UNREACHABLE_CODE = YES;
				CLANG_WARN__DUPLICATE_METHOD_MATCH = YES;
				"CODE_SIGN_IDENTITY[sdk=iphoneos*]" = "iPhone Developer";
				COPY_PHASE_STRIP = NO;
				DEBUG_INFORMATION_FORMAT = "dwarf-with-dsym";
				ENABLE_STRICT_OBJC_MSGSEND = YES;
				GCC_C_LANGUAGE_STANDARD = gnu99;
				GCC_DYNAMIC_NO_PIC = NO;
				GCC_NO_COMMON_BLOCKS = YES;
				GCC_OPTIMIZATION_LEVEL = 0;
				GCC_PREPROCESSOR_DEFINITIONS = (
					"DEBUG=1",
					"$(inherited)",
				);
				GCC_SYMBOLS_PRIVATE_EXTERN = NO;
				GCC_WARN_64_TO_32_BIT_CONVERSION = YES;
				GCC_WARN_ABOUT_RETURN_TYPE = YES_ERROR;
				GCC_WARN_UNDECLARED_SELECTOR = YES;
				GCC_WARN_UNINITIALIZED_AUTOS = YES_AGGRESSIVE;
				GCC_WARN_UNUSED_FUNCTION = YES;
				GCC_WARN_UNUSED_VARIABLE = YES;
				IPHONEOS_DEPLOYMENT_TARGET = 8.3;
				MTL_ENABLE_DEBUG_INFO = YES;
				ONLY_ACTIVE_ARCH = YES;
				SDKROOT = iphoneos;
			};
			name = Debug;
		};
		1E7546541B4BBCC200A8BC1C /* Release */ = {
			isa = XCBuildConfiguration;
			buildSettings = {
				ALWAYS_SEARCH_USER_PATHS = NO;
				CLANG_CXX_LANGUAGE_STANDARD = "gnu++0x";
				CLANG_CXX_LIBRARY = "libc++";
				CLANG_ENABLE_MODULES = YES;
				CLANG_ENABLE_OBJC_ARC = YES;
				CLANG_WARN_BOOL_CONVERSION = YES;
				CLANG_WARN_CONSTANT_CONVERSION = YES;
				CLANG_WARN_DIRECT_OBJC_ISA_USAGE = YES_ERROR;
				CLANG_WARN_EMPTY_BODY = YES;
				CLANG_WARN_ENUM_CONVERSION = YES;
				CLANG_WARN_INT_CONVERSION = YES;
				CLANG_WARN_OBJC_ROOT_CLASS = YES_ERROR;
				CLANG_WARN_UNREACHABLE_CODE = YES;
				CLANG_WARN__DUPLICATE_METHOD_MATCH = YES;
				"CODE_SIGN_IDENTITY[sdk=iphoneos*]" = "iPhone Developer";
				COPY_PHASE_STRIP = NO;
				DEBUG_INFORMATION_FORMAT = "dwarf-with-dsym";
				ENABLE_NS_ASSERTIONS = NO;
				ENABLE_STRICT_OBJC_MSGSEND = YES;
				GCC_C_LANGUAGE_STANDARD = gnu99;
				GCC_NO_COMMON_BLOCKS = YES;
				GCC_WARN_64_TO_32_BIT_CONVERSION = YES;
				GCC_WARN_ABOUT_RETURN_TYPE = YES_ERROR;
				GCC_WARN_UNDECLARED_SELECTOR = YES;
				GCC_WARN_UNINITIALIZED_AUTOS = YES_AGGRESSIVE;
				GCC_WARN_UNUSED_FUNCTION = YES;
				GCC_WARN_UNUSED_VARIABLE = YES;
				IPHONEOS_DEPLOYMENT_TARGET = 8.3;
				MTL_ENABLE_DEBUG_INFO = NO;
				SDKROOT = iphoneos;
				VALIDATE_PRODUCT = YES;
			};
			name = Release;
		};
		1E7546561B4BBCC200A8BC1C /* Debug */ = {
			isa = XCBuildConfiguration;
			buildSettings = {
				ASSETCATALOG_COMPILER_APPICON_NAME = AppIcon;
				INFOPLIST_FILE = BookStore/Info.plist;
				LD_RUNPATH_SEARCH_PATHS = "$(inherited) @executable_path/Frameworks";
				PRODUCT_NAME = "$(TARGET_NAME)";
			};
			name = Debug;
		};
		1E7546571B4BBCC200A8BC1C /* Release */ = {
			isa = XCBuildConfiguration;
			buildSettings = {
				ASSETCATALOG_COMPILER_APPICON_NAME = AppIcon;
				INFOPLIST_FILE = BookStore/Info.plist;
				LD_RUNPATH_SEARCH_PATHS = "$(inherited) @executable_path/Frameworks";
				PRODUCT_NAME = "$(TARGET_NAME)";
			};
			name = Release;
		};
		1E7546591B4BBCC200A8BC1C /* Debug */ = {
			isa = XCBuildConfiguration;
			buildSettings = {
				BUNDLE_LOADER = "$(TEST_HOST)";
				FRAMEWORK_SEARCH_PATHS = (
					"$(SDKROOT)/Developer/Library/Frameworks",
					"$(inherited)",
				);
				GCC_PREPROCESSOR_DEFINITIONS = (
					"DEBUG=1",
					"$(inherited)",
				);
				INFOPLIST_FILE = BookStoreTests/Info.plist;
				LD_RUNPATH_SEARCH_PATHS = "$(inherited) @executable_path/Frameworks @loader_path/Frameworks";
				PRODUCT_NAME = "$(TARGET_NAME)";
				TEST_HOST = "$(BUILT_PRODUCTS_DIR)/BookStore.app/BookStore";
			};
			name = Debug;
		};
		1E75465A1B4BBCC200A8BC1C /* Release */ = {
			isa = XCBuildConfiguration;
			buildSettings = {
				BUNDLE_LOADER = "$(TEST_HOST)";
				FRAMEWORK_SEARCH_PATHS = (
					"$(SDKROOT)/Developer/Library/Frameworks",
					"$(inherited)",
				);
				INFOPLIST_FILE = BookStoreTests/Info.plist;
				LD_RUNPATH_SEARCH_PATHS = "$(inherited) @executable_path/Frameworks @loader_path/Frameworks";
				PRODUCT_NAME = "$(TARGET_NAME)";
				TEST_HOST = "$(BUILT_PRODUCTS_DIR)/BookStore.app/BookStore";
			};
			name = Release;
		};
/* End XCBuildConfiguration section */

/* Begin XCConfigurationList section */
		1E75462A1B4BBCC200A8BC1C /* Build configuration list for PBXProject "BookStore" */ = {
			isa = XCConfigurationList;
			buildConfigurations = (
				1E7546531B4BBCC200A8BC1C /* Debug */,
				1E7546541B4BBCC200A8BC1C /* Release */,
			);
			defaultConfigurationIsVisible = 0;
			defaultConfigurationName = Release;
		};
		1E7546551B4BBCC200A8BC1C /* Build configuration list for PBXNativeTarget "BookStore" */ = {
			isa = XCConfigurationList;
			buildConfigurations = (
				1E7546561B4BBCC200A8BC1C /* Debug */,
				1E7546571B4BBCC200A8BC1C /* Release */,
			);
			defaultConfigurationIsVisible = 0;
		};
		1E7546581B4BBCC200A8BC1C /* Build configuration list for PBXNativeTarget "BookStoreTests" */ = {
			isa = XCConfigurationList;
			buildConfigurations = (
				1E7546591B4BBCC200A8BC1C /* Debug */,
				1E75465A1B4BBCC200A8BC1C /* Release */,
			);
			defaultConfigurationIsVisible = 0;
		};
/* End XCConfigurationList section */

/* Begin XCVersionGroup section */
		1E7546391B4BBCC200A8BC1C /* BookStore.xcdatamodeld */ = {
			isa = XCVersionGroup;
			children = (
				1E75463A1B4BBCC200A8BC1C /* BookStore.xcdatamodel */,
			);
			currentVersion = 1E75463A1B4BBCC200A8BC1C /* BookStore.xcdatamodel */;
			path = BookStore.xcdatamodeld;
			sourceTree = "<group>";
			versionGroupType = wrapper.xcdatamodel;
		};
/* End XCVersionGroup section */
	};
	rootObject = 1E7546271B4BBCC200A8BC1C /* Project object */;
}
